
Microsoft Visual Studio Solution File, Format Version 11.00
# Visual Studio 2010
Project("{FAE04EC0-301F-11D3-BF4B-00C04F79EFBC}") = "RegEx TestBed", "RegEx TestBed\RegEx TestBed.csproj", "{D8A3DAD4-D26D-4128-BB71-269C06135C6F}"
EndProject
Global
	GlobalSection(SolutionConfigurationPlatforms) = preSolution
		Debug|Any CPU = Debug|Any CPU
		Release|Any CPU = Release|Any CPU
	EndGlobalSection
	GlobalSection(ProjectConfigurationPlatforms) = postSolution
		{D8A3DAD4-D26D-4128-BB71-269C06135C6F}.Debug|Any CPU.ActiveCfg = Debug|Any CPU
		{D8A3DAD4-D26D-4128-BB71-269C06135C6F}.Debug|Any CPU.Build.0 = Debug|Any CPU
		{D8A3DAD4-D26D-4128-BB71-269C06135C6F}.Release|Any CPU.ActiveCfg = Release|Any CPU
		{D8A3DAD4-D26D-4128-BB71-269C06135C6F}.Release|Any CPU.Build.0 = Release|Any CPU
	EndGlobalSection
	GlobalSection(SolutionProperties) = preSolution
		HideSolutionNode = FALSE
	EndGlobalSection
EndGlobal
